# This file was autogenerated by Stack.
# You should not edit this file by hand.
# For more information, please see the documentation at:
#   https://docs.haskellstack.org/en/stable/lock_files

packages:
- completed:
    size: 374222
    url: https://github.com/fumieval/extensible/archive/4a1edb50c90d377085fcc3bad4c9f6e9d296b00e.tar.gz
    name: extensible
    version: '0.9'
    sha256: 8005a29db91b0a67018162b69c913ddf722bdc527f5565caef2644f6ffcd0c95
    pantry-tree:
      size: 2982
      sha256: 77c619f82592a969dbb6a7f5e303063678feeb965b085b9c926e6887621521af
  original:
    url: https://github.com/fumieval/extensible/archive/4a1edb50c90d377085fcc3bad4c9f6e9d296b00e.tar.gz
- completed:
    hackage: membership-0.0.1@sha256:6c4d4ab6e3fb3253c6c670e8a63f74454dc91be50b9f292d0b1355792190aee5,999
    pantry-tree:
      size: 408
      sha256: b918a1a207108313b2bf453b0d9aa65122d9845c4b360c8ade46d3429ff1107a
  original:
    hackage: membership-0.0.1
- completed:
    hackage: incremental-0.3.1@sha256:9c697bae4f7e5ceb144bde13e03ca2f36b4bc2d0c92bbc02e0a604231ee279c2,1153
    pantry-tree:
      size: 370
      sha256: fd5f40352dbf1602babd2c5db2a120c26e57bbd5ad30b19ce24d04189f6a18d1
  original:
    hackage: incremental-0.3.1
snapshots:
- completed:
    size: 548274
    url: https://raw.githubusercontent.com/commercialhaskell/stackage-snapshots/master/nightly/2022/4/9.yaml
    sha256: e8bcfd26c8e645fbefb63c030005e41877a7122940245a20db942acc6ff4d84d
  original: nightly-2022-04-09
